
Warning: Provider development overrides are in effect

The following provider development overrides are set in the CLI
configuration:
 - airbytehq/airbyte in /Users/c.ogribin/tf-providers/airbyte-local

The behavior may therefore not match any released version of the provider and
applying changes may cause the state to become incompatible with published
releases.
data.airbyte_workspace.default: Reading...
data.airbyte_workspace.default: Read complete after 0s [name=Terraform-test]

Terraform used the selected providers to generate the following execution
plan. Resource actions are indicated with the following symbols:
  + create

Terraform will perform the following actions:

  # module.destination_dev_null.airbyte_destination_custom.destination-dev-null will be created
  + resource "airbyte_destination_custom" "destination-dev-null" {
      + configuration       = jsonencode(
            {
              + test_destination = {
                  + logging_config        = {}
                  + millis_per_record     = 0
                  + num_messages          = 0
                  + test_destination_type = "SILENT"
                }
            }
        )
      + created_at          = (known after apply)
      + definition_id       = "a7bcc9d8-13b3-4e49-b80d-d020b90045e3"
      + destination_id      = (known after apply)
      + destination_type    = (known after apply)
      + name                = "dev-null-terraform-module"
      + resource_allocation = (known after apply)
      + workspace_id        = "2e09f34d-a47c-44ff-84c3-ba67e3b3b13c"
    }

Plan: 1 to add, 0 to change, 0 to destroy.

Changes to Outputs:
  + destination_id = (known after apply)
module.destination_dev_null.airbyte_destination_custom.destination-dev-null: Creating...
module.destination_dev_null.airbyte_destination_custom.destination-dev-null: Creation complete after 0s [name=dev-null-terraform-module]

Apply complete! Resources: 1 added, 0 changed, 0 destroyed.

Outputs:

destination_id = "8c912e26-9654-48f9-907d-ace415c09720"
workspace_name = "Terraform-test"
