speakeasyVersion: 1.748.0
sources:
    airbyte-api:
        sourceNamespace: my-source
        sourceRevisionDigest: sha256:168d50adf317e8501fbda61320696d3c8be4495eacfea472c632b7e85aeefd7c
        sourceBlobDigest: sha256:642d79ad690405800f7b98d11a086dd2683548d889887f2fa0f3590f0c712f5f
        tags:
            - latest
            - main
            - 1.0.0
    my-source:
        sourceNamespace: my-source
        sourceRevisionDigest: sha256:72df57375105e5d22ca3f76bc67990777490bc2b03c4628b8645231ad1052811
        sourceBlobDigest: sha256:da85281bdcf07427081ebf5b68da88cd51810688875e4bbec72b3741c63e9cdf
        tags:
            - latest
            - devin-1768441459-fix-speakeasy-go-version
            - 1.0.0
targets:
    terraform-provider-airbyte:
        source: airbyte-api
        sourceNamespace: my-source
        sourceRevisionDigest: sha256:168d50adf317e8501fbda61320696d3c8be4495eacfea472c632b7e85aeefd7c
        sourceBlobDigest: sha256:642d79ad690405800f7b98d11a086dd2683548d889887f2fa0f3590f0c712f5f
workflow:
    workflowVersion: 1.0.0
    speakeasyVersion: latest
    sources:
        airbyte-api:
            inputs:
                - location: ./generated/api_terraform.yaml
            overlays:
                - location: ./overlays/terraform_speakeasy.yaml
            registry:
                location: registry.speakeasyapi.dev/airbyte/airbyte-prod/my-source
    targets:
        terraform-provider-airbyte:
            target: terraform
            source: airbyte-api
