speakeasyVersion: 1.750.0
sources:
    airbyte-api:
        sourceNamespace: my-source
        sourceRevisionDigest: sha256:8daeffd869f0c63d4a7578a31463296971b9fef2b0843392ce0768e2b00bc513
        sourceBlobDigest: sha256:63704f381672a7af0f36b208ac7deb8a7ab8aaee654df99eec1616acc55087fe
        tags:
            - latest
            - main
            - 1.0.0
    my-source:
        sourceNamespace: my-source
        sourceRevisionDigest: sha256:72df57375105e5d22ca3f76bc67990777490bc2b03c4628b8645231ad1052811
        sourceBlobDigest: sha256:da85281bdcf07427081ebf5b68da88cd51810688875e4bbec72b3741c63e9cdf
        tags:
            - latest
            - devin-1768441459-fix-speakeasy-go-version
            - 1.0.0
targets:
    terraform-provider-airbyte:
        source: airbyte-api
        sourceNamespace: my-source
        sourceRevisionDigest: sha256:8daeffd869f0c63d4a7578a31463296971b9fef2b0843392ce0768e2b00bc513
        sourceBlobDigest: sha256:63704f381672a7af0f36b208ac7deb8a7ab8aaee654df99eec1616acc55087fe
workflow:
    workflowVersion: 1.0.0
    speakeasyVersion: latest
    sources:
        airbyte-api:
            inputs:
                - location: ./generated/api_terraform.yaml
            overlays:
                - location: ./overlays/terraform_speakeasy.yaml
            registry:
                location: registry.speakeasyapi.dev/airbyte/airbyte-prod/my-source
    targets:
        terraform-provider-airbyte:
            target: terraform
            source: airbyte-api
