speakeasyVersion: 1.335.2
sources:
    my-source:
        sourceNamespace: my-source
        sourceRevisionDigest: sha256:1ca6e2fd1c68d5cd3338dac401965c77156ba3782f2d17320b50f6db906ff262
        sourceBlobDigest: sha256:b399d4769fc1c9af512eafc9c6ac24c67e7e3bd76ebcf3ea0720fca33693ed6d
        tags:
            - latest
            - main
targets:
    terraform-provider-airbyte:
        source: my-source
        sourceNamespace: my-source
        sourceRevisionDigest: sha256:1ca6e2fd1c68d5cd3338dac401965c77156ba3782f2d17320b50f6db906ff262
        sourceBlobDigest: sha256:b399d4769fc1c9af512eafc9c6ac24c67e7e3bd76ebcf3ea0720fca33693ed6d
        outLocation: /github/workspace/repo
workflow:
    workflowVersion: 1.0.0
    speakeasyVersion: latest
    sources:
        my-source:
            inputs:
                - location: ./airbyte.yaml
            registry:
                location: registry.speakeasyapi.dev/airbyte/airbyte-prod/my-source
    targets:
        terraform-provider-airbyte:
            target: terraform
            source: my-source
